github.com/PuerkitoBio/goquery v1.5.0 h1:uGvmFXOA73IKluu/F84Xd1tt/z07GYm8X49XKHP7EJk=
github.com/PuerkitoBio/goquery v1.5.0/go.mod h1:qD2PgZ9lccMbQlc7eEOjaeRlFQON7xY8kdmcsrnKqMg=
github.com/andybalholm/cascadia v1.0.0/go.mod h1:GsXiBklL0woXo1j/WYWtSYYC4ouU9PqHO0sqidkEA4Y=
github.com/andybalholm/cascadia v1.1.0 h1:BuuO6sSfQNFRu1LppgbD25Hr2vLYW25JvxHs5zzsLTo=
github.com/andybalholm/cascadia v1.1.0/go.mod h1:GsXiBklL0woXo1j/WYWtSYYC4ouU9PqHO0sqidkEA4Y=
github.com/domainr/whois v0.0.0-20180714175948-975c7833b02e h1:iZ+fhG8+rFlxdqv88o5tMyH89H6AWx0WJgUXhiSxkhA=
github.com/domainr/whois v0.0.0-20180714175948-975c7833b02e/go.mod h1:gtNPHEJSqhDlO2zVW0ai2b4voo5NWzFyNFPBMB0fDs0=
github.com/domainr/whoistest v0.0.0-20180714175718-26cad4b7c941 h1:E7ehdIemEeScp8nVs0JXNXEbzb2IsHCk13ijvwKqRWI=
github.com/domainr/whoistest v0.0.0-20180714175718-26cad4b7c941/go.mod h1:iuCHv1qZDoHJNQs56ZzzoKRSKttGgTr2yByGpSlKsII=
github.com/google/go-querystring v1.0.0 h1:Xkwi/a1rcvNg1PPYe5vI8GbeBY/jrVuDX5ASuANWTrk=
github.com/google/go-querystring v1.0.0/go.mod h1:odCYkC5MyYFN7vkCjXpyrEuKhc/BUO6wN/zVPAxq5ck=
github.com/likexian/gokit v0.0.0-20190309162924-0a377eecf7aa/go.mod h1:QdfYv6y6qPA9pbBA2qXtoT8BMKha6UyNbxWGWl/9Jfk=
github.com/likexian/gokit v0.0.0-20190418170008-ace88ad0983b/go.mod h1:KKqSnk/VVSW8kEyO2vVCXoanzEutKdlBAPohmGXkxCk=
github.com/likexian/gokit v0.0.0-20190501133040-e77ea8b19cdc/go.mod h1:3kvONayqCaj+UgrRZGpgfXzHdMYCAO0KAt4/8n0L57Y=
github.com/likexian/gokit v0.20.16 h1:8ypmVXLx8yIvlTwzH8Ybz8LDAfWjdy0W5O354JWPjA4=
github.com/likexian/gokit v0.20.16/go.mod h1:kn+nTv3tqh6yhor9BC4Lfiu58SmH8NmQ2PmEl+uM6nU=
github.com/likexian/gokit v0.21.1 h1:xP50LpYzcHWqbWaNFlAhI5tk/DDDtI5feWhVNj8I3rw=
github.com/likexian/gokit v0.21.1/go.mod h1:0WlTw7IPdiMtrwu0t5zrLM7XXik27Ey6MhUJHio2fVo=
github.com/likexian/simplejson-go v0.0.0-20190409170913-40473a74d76d/go.mod h1:Typ1BfnATYtZ/+/shXfFYLrovhFyuKvzwrdOnIDHlmg=
github.com/likexian/simplejson-go v0.0.0-20190419151922-c1f9f0b4f084/go.mod h1:U4O1vIJvIKwbMZKUJ62lppfdvkCdVd2nfMimHK81eec=
github.com/likexian/simplejson-go v0.0.0-20190502021454-d8787b4bfa0b/go.mod h1:3BWwtmKP9cXWwYCr5bkoVDEfLywacOv0s06OBEDpyt8=
github.com/likexian/whois-go v1.0.1 h1:Ke6TwMGFFMJrBUHEno7kr+nW780bSyxRQsbhtmlqy8o=
github.com/likexian/whois-go v1.0.1/go.mod h1:7RnKIyyjk/pMQqJSnuCm4Dh1QRJ+XDaJ5cifqBQUCLE=
github.com/likexian/whois-go v1.2.2 h1:2chZ5BORnpHzJcd9yGG8/FlG2zJdonpbQRtl6HaHQXA=
github.com/likexian/whois-go v1.2.2/go.mod h1:z9A5aOoJzR+8UXI0RaRplX2f4uW9FkIZHw1omMaJzeA=
github.com/likexian/whois-parser-go v0.0.0-20190215070204-720b2d82ffd1 h1:d5fIac43p8F5dR1jfnLJWPpB1Kg1CZf5vkBBXU6LWNQ=
github.com/likexian/whois-parser-go v0.0.0-20190215070204-720b2d82ffd1/go.mod h1:fB4toQCXFSftfOtuvKRhK8labXPZQUhZ2NXpRif8A5I=
github.com/likexian/whois-parser-go v1.9.0 h1:DeTeEONP5GIIWtEr1g4eMGJyAslB56t+C9VyWUcp2rk=
github.com/likexian/whois-parser-go v1.9.0/go.mod h1:bHYLYA1JV8zLQYwbc2V/uMkksauW6QTf+yhvn5VcI1M=
github.com/miekg/dns v1.1.22/go.mod h1:bPDLeHnStXmXAq1m/Ch/hvfNHr14JKNPMBo3VZKjuso=
github.com/nbio/st v0.0.0-20140626010706-e9e8d9816f32 h1:W6apQkHrMkS0Muv8G/TipAy/FJl/rCYT0+EuS8+Z0z4=
github.com/nbio/st v0.0.0-20140626010706-e9e8d9816f32/go.mod h1:9wM+0iRr9ahx58uYLpLIr5fm8diHn0JbqRycJi6w0Ms=
github.com/saintfish/chardet v0.0.0-20120816061221-3af4cd4741ca h1:NugYot0LIVPxTvN8n+Kvkn6TrbMyxQiuvKdEwFdR9vI=
github.com/saintfish/chardet v0.0.0-20120816061221-3af4cd4741ca/go.mod h1:uugorj2VCxiV1x+LzaIdVa9b4S4qGAcH6cbhh4qVxOU=
github.com/wsxiaoys/terminal v0.0.0-20160513160801-0940f3fc43a0/go.mod h1:IXCdmsXIht47RaVFLEdVnh1t+pgYtTAhQGj73kz+2DM=
github.com/zonedb/zonedb v1.0.2491 h1:zHf1M4VxWU0t/M3J6FLBKa1D8xyWnDeHDPaWBY5VXKI=
github.com/zonedb/zonedb v1.0.2491/go.mod h1:fq2NCrHLeQRzhGz7QDCd6WHV8N4Ka8CmeeZVamNkni0=
golang.org/x/crypto v0.0.0-20190308221718-c2843e01d9a2/go.mod h1:djNgcEr1/C05ACkg1iLfiJU5Ep61QUkGW8qpdssI0+w=
golang.org/x/crypto v0.0.0-20190923035154-9ee001bba392/go.mod h1:/lpIB1dKB+9EgE3H3cr1v9wB50oz8l4C4h62xy7jSTY=
golang.org/x/net v0.0.0-20180218175443-cbe0f9307d01/go.mod h1:mL1N/T3taQHkDXs73rZJwtUhF3w3ftmwwsq0BUmARs4=
golang.org/x/net v0.0.0-20181114220301-adae6a3d119a/go.mod h1:mL1N/T3taQHkDXs73rZJwtUhF3w3ftmwwsq0BUmARs4=
golang.org/x/net v0.0.0-20190404232315-eb5bcb51f2a3/go.mod h1:t9HGtf8HONx5eT2rtn7q6eTqICYqUVnKs3thJo3Qplg=
golang.org/x/net v0.0.0-20190620200207-3b0461eec859/go.mod h1:z5CRVTTTmAJ677TzLLGU+0bjPO0LkuOLi4/5GtJWs/s=
golang.org/x/net v0.0.0-20190827160401-ba9fcec4b297/go.mod h1:z5CRVTTTmAJ677TzLLGU+0bjPO0LkuOLi4/5GtJWs/s=
golang.org/x/net v0.0.0-20190923162816-aa69164e4478/go.mod h1:z5CRVTTTmAJ677TzLLGU+0bjPO0LkuOLi4/5GtJWs/s=
golang.org/x/net v0.0.0-20191109021931-daa7c04131f5 h1:bHNaocaoJxYBo5cw41UyTMLjYlb8wPY7+WFrnklbHOM=
golang.org/x/net v0.0.0-20191109021931-daa7c04131f5/go.mod h1:z5CRVTTTmAJ677TzLLGU+0bjPO0LkuOLi4/5GtJWs/s=
golang.org/x/sync v0.0.0-20190423024810-112230192c58/go.mod h1:RxMgew5VJxzue5/jJTE5uejpjVlOe/izrB70Jof72aM=
golang.org/x/sys v0.0.0-20190215142949-d0b11bdaac8a/go.mod h1:STP8DvDyc/dI5b8T5hshtkjS+E42TnysNCUPdjciGhY=
golang.org/x/sys v0.0.0-20190922100055-0a153f010e69/go.mod h1:h1NjWce9XRLGQEsW7wpKNCjG9DtNlClVuFLEZdDNbEs=
golang.org/x/sys v0.0.0-20190924154521-2837fb4f24fe/go.mod h1:h1NjWce9XRLGQEsW7wpKNCjG9DtNlClVuFLEZdDNbEs=
golang.org/x/text v0.3.0/go.mod h1:NqM8EUOU14njkJ3fqMW+pc6Ldnwhi/IjpwHt7yyuwOQ=
golang.org/x/text v0.3.2 h1:tW2bmiBqwgJj/UpqtC8EpXEZVYOwU0yG4iWbprSVAcs=
golang.org/x/text v0.3.2/go.mod h1:bEr9sfX3Q8Zfm5fL9x+3itogRgK3+ptLWKqgva+5dAk=
golang.org/x/tools v0.0.0-20180917221912-90fa682c2a6e/go.mod h1:n7NCudcB/nEzxVGmLbDWY5pfWTLqBcC2KZ6jyYvM4mQ=
golang.org/x/tools v0.0.0-20190907020128-2ca718005c18/go.mod h1:b+2E5dAYhXwXZwtnZ6UAqBI28+e2cm9otk0dWdXHAEo=
golang.org/x/xerrors v0.0.0-20190717185122-a985d3407aa7/go.mod h1:I/5z698sn9Ka8TeJc9MKroUUfqBBauWjQqLJ2OPfmY0=
